
Microsoft Visual Studio Solution File, Format Version 12.00
# Visual Studio Version 17
VisualStudioVersion = 17.7.34031.279
MinimumVisualStudioVersion = 10.0.40219.1
Project("{8BC9CEB8-8B4A-11D0-8D11-00A0C91BC942}") = "GameOfLife", "GameOfLife\GameOfLife.vcxproj", "{30DE26D0-901F-497F-9084-8462DA1DE158}"
EndProject
Global
	GlobalSection(SolutionConfigurationPlatforms) = preSolution
		Debug|x64 = Debug|x64
		Debug|x86 = Debug|x86
		Release|x64 = Release|x64
		Release|x86 = Release|x86
	EndGlobalSection
	GlobalSection(ProjectConfigurationPlatforms) = postSolution
		{30DE26D0-901F-497F-9084-8462DA1DE158}.Debug|x64.ActiveCfg = Debug|x64
		{30DE26D0-901F-497F-9084-8462DA1DE158}.Debug|x64.Build.0 = Debug|x64
		{30DE26D0-901F-497F-9084-8462DA1DE158}.Debug|x86.ActiveCfg = Debug|Win32
		{30DE26D0-901F-497F-9084-8462DA1DE158}.Debug|x86.Build.0 = Debug|Win32
		{30DE26D0-901F-497F-9084-8462DA1DE158}.Release|x64.ActiveCfg = Release|x64
		{30DE26D0-901F-497F-9084-8462DA1DE158}.Release|x64.Build.0 = Release|x64
		{30DE26D0-901F-497F-9084-8462DA1DE158}.Release|x86.ActiveCfg = Release|Win32
		{30DE26D0-901F-497F-9084-8462DA1DE158}.Release|x86.Build.0 = Release|Win32
	EndGlobalSection
	GlobalSection(SolutionProperties) = preSolution
		HideSolutionNode = FALSE
	EndGlobalSection
	GlobalSection(ExtensibilityGlobals) = postSolution
		SolutionGuid = {D845A16C-1AFA-47F1-A416-6F1F4ECE1531}
	EndGlobalSection
EndGlobal
